// !$*UTF8*$!
{
	archiveVersion = 1;
	classes = {
	};
	objectVersion = 46;
	objects = {

/* Begin PBXAggregateTarget section */
		C5ED99F5DE5DE250406C4053 /* Qt Preprocess */ = {
			isa = PBXAggregateTarget;
			buildConfigurationList = 6CC3B5D2136C7CD6A5CF5A59 /* Build configuration list for PBXNativeTarget "TicTacToe" */;
			buildPhases = (
				5E618435888B9D49F8540165 /* Qt Qmake */,
				7EF0942E79C014DCEC8976BC /* Qt Preprocessors */,
			);
			dependencies = (
			);
			name = "Qt Preprocess";
			productName = "Qt Preprocess";
		};
/* End PBXAggregateTarget section */

/* Begin PBXBuildFile section */
		011868899A1B3382E0C0973E /* dummy.cpp in Compile Sources */ = {isa = PBXBuildFile; fileRef = 05A2EBC5F526E0CDB8072666 /* dummy.cpp */; settings = {ATTRIBUTES = (); }; };
		017531FFD36A07431C2DEDC6 /* draw.cpp in Compile Sources */ = {isa = PBXBuildFile; fileRef = A32E2143145FA47AFB83862F /* draw.cpp */; settings = {ATTRIBUTES = (); }; };
		1ACE245EBE3405CD51079343 /* QtCore.framework in Link Binary With Libraries */ = {isa = PBXBuildFile; fileRef = D07B036891CB961A9A9AF035 /* QtCore.framework */; };
		22CAB5D8D919CE3358D503B0 /* aboutus.cpp in Compile Sources */ = {isa = PBXBuildFile; fileRef = 825A8EC783A4C0D5988BC3E1 /* aboutus.cpp */; settings = {ATTRIBUTES = (); }; };
		26927F8117B9E00A2081DC58 /* helpscreen.cpp in Compile Sources */ = {isa = PBXBuildFile; fileRef = 5E365BD8DA887D29EF88A6FB /* helpscreen.cpp */; settings = {ATTRIBUTES = (); }; };
		32496916376EA8BB931D9753 /* moc_tttgame.cpp in Compile Sources */ = {isa = PBXBuildFile; fileRef = 3BD51935CDFB27F82BC2A7EC /* moc_tttgame.cpp */; settings = {ATTRIBUTES = (); }; };
		3BA7F5AED27B86A53E4A7BEF /* moc_victory.cpp in Compile Sources */ = {isa = PBXBuildFile; fileRef = 649841CA0C063E430F8C028A /* moc_victory.cpp */; settings = {ATTRIBUTES = (); }; };
		3DBD3E621EC16CB23DB08B83 /* gamesettings.cpp in Compile Sources */ = {isa = PBXBuildFile; fileRef = 140DF7D04DC0D4FFAB17D3CF /* gamesettings.cpp */; settings = {ATTRIBUTES = (); }; };
		46C0E3BC2646631D008A924B /* robotgame.cpp in Compile Sources */ = {isa = PBXBuildFile; fileRef = 46C0E3BA2646631D008A924B /* robotgame.cpp */; };
		53CD322A169E37F7CC4BC7F3 /* moc_helpscreen.cpp in Compile Sources */ = {isa = PBXBuildFile; fileRef = 8C050C2BFD599FEC3F7ED0DE /* moc_helpscreen.cpp */; settings = {ATTRIBUTES = (); }; };
		54C037667E7EF94374863A0F /* playersettings.cpp in Compile Sources */ = {isa = PBXBuildFile; fileRef = A520F781E2A4E4F84EC4C8D0 /* playersettings.cpp */; settings = {ATTRIBUTES = (); }; };
		58B76BF749FC404B45BCB883 /* QtWidgets.framework in Link Binary With Libraries */ = {isa = PBXBuildFile; fileRef = 16D365E0E492C6E18E16CBC4 /* QtWidgets.framework */; };
		5B2935C6C6346B9FCC5F4E32 /* QtNetwork.framework in Link Binary With Libraries */ = {isa = PBXBuildFile; fileRef = BE05041F97D33C51D3F9BD07 /* QtNetwork.framework */; };
		6AA18A087FE9D7E6FC9E7B91 /* tttgame.cpp in Compile Sources */ = {isa = PBXBuildFile; fileRef = 2DB0F9AC8A0DE09DE5428689 /* tttgame.cpp */; settings = {ATTRIBUTES = (); }; };
		72CE09AD277C1A340DC05E8B /* victory.cpp in Compile Sources */ = {isa = PBXBuildFile; fileRef = CA4FBA33CE2C73B981023BDF /* victory.cpp */; settings = {ATTRIBUTES = (); }; };
		74BC356409461F39659FC053 /* moc_draw.cpp in Compile Sources */ = {isa = PBXBuildFile; fileRef = EE59473F131B0D48EBACE21C /* moc_draw.cpp */; settings = {ATTRIBUTES = (); }; };
		7E5E4187CC2D39C8F7F7F349 /* moc_tourneygame.cpp in Compile Sources */ = {isa = PBXBuildFile; fileRef = 24F825D6FE22D5853946179D /* moc_tourneygame.cpp */; settings = {ATTRIBUTES = (); }; };
		871FBC12AAC212A4E416DCEC /* moc_playersettings.cpp in Compile Sources */ = {isa = PBXBuildFile; fileRef = 92A4B34D17ACDCF780F30A38 /* moc_playersettings.cpp */; settings = {ATTRIBUTES = (); }; };
		8771A8C96E9C391044035D99 /* OpenGL.framework in Link Binary With Libraries */ = {isa = PBXBuildFile; fileRef = D4B32C2222F82AC56BADEB21 /* OpenGL.framework */; };
		8D267F2E4776F0ECA2F49DC8 /* IOKit.framework in Link Binary With Libraries */ = {isa = PBXBuildFile; fileRef = A1A67BEAA744704B29168D39 /* IOKit.framework */; };
		92DC8C267DA16B6564333974 /* qrc_overarching.cpp in Compile Sources */ = {isa = PBXBuildFile; fileRef = 11289CD9957D6346E0E29424 /* qrc_overarching.cpp */; settings = {ATTRIBUTES = (); }; };
		9318A43DACA73CF2B80F971E /* QtGui.framework in Link Binary With Libraries */ = {isa = PBXBuildFile; fileRef = FB7983D61652FF4A6903DDA8 /* QtGui.framework */; };
		A7740F26D89FD59E415A8A2F /* tourneygame.cpp in Compile Sources */ = {isa = PBXBuildFile; fileRef = 20CA500116EC6D29C43D3E7A /* tourneygame.cpp */; settings = {ATTRIBUTES = (); }; };
		A99B2AA0F9CBBDD12BA126A4 /* DiskArbitration.framework in Link Binary With Libraries */ = {isa = PBXBuildFile; fileRef = 2B774D8E4178765CE52EAAF5 /* DiskArbitration.framework */; };
		B0A70E6F272E1119855B94BD /* moc_aboutus.cpp in Compile Sources */ = {isa = PBXBuildFile; fileRef = AA10429583C5E9A76BD13922 /* moc_aboutus.cpp */; settings = {ATTRIBUTES = (); }; };
		B3FE8FAC746D3D5BB24FA398 /* Metal.framework in Link Binary With Libraries */ = {isa = PBXBuildFile; fileRef = 1B2543FCC48E9436F21C4F63 /* Metal.framework */; };
		C277E472F750B3EE24FE2902 /* moc_gamesettings.cpp in Compile Sources */ = {isa = PBXBuildFile; fileRef = 592828D20D2F983BC062665D /* moc_gamesettings.cpp */; settings = {ATTRIBUTES = (); }; };
		C57AE70DC0439E31946202DA /* main.cpp in Compile Sources */ = {isa = PBXBuildFile; fileRef = 923005BEDEC582081EBF20DF /* main.cpp */; settings = {ATTRIBUTES = (); }; };
		E0E44593EFB7F096D568251E /* moc_titular.cpp in Compile Sources */ = {isa = PBXBuildFile; fileRef = B1D9CEB8DE7996E48A3148B3 /* moc_titular.cpp */; settings = {ATTRIBUTES = (); }; };
		E1CC4CE921A574003ABC67C5 /* titular.cpp in Compile Sources */ = {isa = PBXBuildFile; fileRef = 3459D2C2E9954488FF7F7C91 /* titular.cpp */; settings = {ATTRIBUTES = (); }; };
		E45E51A644D5FC9F942ECE55 /* AGL.framework in Link Binary With Libraries */ = {isa = PBXBuildFile; fileRef = 8D9815BDB5BD9F90D2BC05C5 /* AGL.framework */; };
		EB8B8A3725CC6417FDF807CF /* QtMultimedia.framework in Link Binary With Libraries */ = {isa = PBXBuildFile; fileRef = A219927E249717778571C1C2 /* QtMultimedia.framework */; };
		F2A75ACAC9DF6A3F4E5711E7 /* AppKit.framework in Link Binary With Libraries */ = {isa = PBXBuildFile; fileRef = 723F90793B2C195E2CCB2233 /* AppKit.framework */; };
/* End PBXBuildFile section */

/* Begin PBXContainerItemProxy section */
		46C0E3B9264662F4008A924B /* PBXContainerItemProxy */ = {
			isa = PBXContainerItemProxy;
			containerPortal = 6DB9C3763D02B1415CD9D565 /* Project object */;
			proxyType = 1;
			remoteGlobalIDString = C5ED99F5DE5DE250406C4053;
			remoteInfo = "Qt Preprocess";
		};
/* End PBXContainerItemProxy section */

/* Begin PBXCopyFilesBuildPhase section */
		99542592E9780B9225F24AA8 /* Embed Frameworks */ = {
			isa = PBXCopyFilesBuildPhase;
			buildActionMask = 2147483647;
			dstPath = "";
			dstSubfolderSpec = 10;
			files = (
			);
			name = "Embed Frameworks";
			runOnlyForDeploymentPostprocessing = 0;
		};
/* End PBXCopyFilesBuildPhase section */

/* Begin PBXFileReference section */
		05A2EBC5F526E0CDB8072666 /* dummy.cpp */ = {isa = PBXFileReference; lastKnownFileType = sourcecode.cpp.cpp; name = dummy.cpp; path = /Users/mariquitreventar/Qt/5.15.2/clang_64/mkspecs/features/data/dummy.cpp; sourceTree = "<absolute>"; };
		11289CD9957D6346E0E29424 /* qrc_overarching.cpp */ = {isa = PBXFileReference; lastKnownFileType = sourcecode.cpp.cpp; name = qrc_overarching.cpp; path = /Users/mariquitreventar/Desktop/ACodes/CPP_Files/QT_Work/TicTacToe/qrc_overarching.cpp; sourceTree = "<absolute>"; };
		140DF7D04DC0D4FFAB17D3CF /* gamesettings.cpp */ = {isa = PBXFileReference; lastKnownFileType = sourcecode.cpp.cpp; name = gamesettings.cpp; path = /Users/mariquitreventar/Desktop/ACodes/CPP_Files/QT_Work/TicTacToe/gamesettings.cpp; sourceTree = "<absolute>"; };
		16D365E0E492C6E18E16CBC4 /* QtWidgets.framework */ = {isa = PBXFileReference; lastKnownFileType = wrapper.framework; name = QtWidgets.framework; path = /Users/mariquitreventar/Qt/5.15.2/clang_64/lib/QtWidgets.framework; sourceTree = "<absolute>"; };
		1B2543FCC48E9436F21C4F63 /* Metal.framework */ = {isa = PBXFileReference; lastKnownFileType = wrapper.framework; name = Metal.framework; path = /System/Library/Frameworks/Metal.framework; sourceTree = "<absolute>"; };
		1C27B6BD39CD736661EC6FD9 /* tourneygame.hpp */ = {isa = PBXFileReference; lastKnownFileType = sourcecode.c.h; name = tourneygame.hpp; path = /Users/mariquitreventar/Desktop/ACodes/CPP_Files/QT_Work/TicTacToe/tourneygame.hpp; sourceTree = "<absolute>"; };
		20CA500116EC6D29C43D3E7A /* tourneygame.cpp */ = {isa = PBXFileReference; lastKnownFileType = sourcecode.cpp.cpp; name = tourneygame.cpp; path = /Users/mariquitreventar/Desktop/ACodes/CPP_Files/QT_Work/TicTacToe/tourneygame.cpp; sourceTree = "<absolute>"; };
		24F825D6FE22D5853946179D /* moc_tourneygame.cpp */ = {isa = PBXFileReference; lastKnownFileType = sourcecode.cpp.cpp; name = moc_tourneygame.cpp; path = /Users/mariquitreventar/Desktop/ACodes/CPP_Files/QT_Work/TicTacToe/moc_tourneygame.cpp; sourceTree = "<absolute>"; };
		2720D8D6873CA47A3314FE64 /* TicTacToe.pro */ = {isa = PBXFileReference; lastKnownFileType = text; name = TicTacToe.pro; path = /Users/mariquitreventar/Desktop/ACodes/CPP_Files/QT_Work/TicTacToe/TicTacToe.pro; sourceTree = "<absolute>"; };
		2B701DE2B8E6F04CC4AB56C5 /* aboutus.hpp */ = {isa = PBXFileReference; lastKnownFileType = sourcecode.c.h; name = aboutus.hpp; path = /Users/mariquitreventar/Desktop/ACodes/CPP_Files/QT_Work/TicTacToe/aboutus.hpp; sourceTree = "<absolute>"; };
		2B774D8E4178765CE52EAAF5 /* DiskArbitration.framework */ = {isa = PBXFileReference; lastKnownFileType = wrapper.framework; name = DiskArbitration.framework; path = /System/Library/Frameworks/DiskArbitration.framework; sourceTree = "<absolute>"; };
		2DB0F9AC8A0DE09DE5428689 /* tttgame.cpp */ = {isa = PBXFileReference; lastKnownFileType = sourcecode.cpp.cpp; name = tttgame.cpp; path = /Users/mariquitreventar/Desktop/ACodes/CPP_Files/QT_Work/TicTacToe/tttgame.cpp; sourceTree = "<absolute>"; };
		3254BA99D7455C6F209D9F89 /* gamesettings.h */ = {isa = PBXFileReference; lastKnownFileType = sourcecode.c.h; name = gamesettings.h; path = /Users/mariquitreventar/Desktop/ACodes/CPP_Files/QT_Work/TicTacToe/gamesettings.h; sourceTree = "<absolute>"; };
		3459D2C2E9954488FF7F7C91 /* titular.cpp */ = {isa = PBXFileReference; lastKnownFileType = sourcecode.cpp.cpp; name = titular.cpp; path = /Users/mariquitreventar/Desktop/ACodes/CPP_Files/QT_Work/TicTacToe/titular.cpp; sourceTree = "<absolute>"; };
		37D4E747CE6729EB6DD6C571 /* playersettings.hpp */ = {isa = PBXFileReference; lastKnownFileType = sourcecode.c.h; name = playersettings.hpp; path = /Users/mariquitreventar/Desktop/ACodes/CPP_Files/QT_Work/TicTacToe/playersettings.hpp; sourceTree = "<absolute>"; };
		39B374EECC832CB4802EF014 /* helpscreen.h */ = {isa = PBXFileReference; lastKnownFileType = sourcecode.c.h; name = helpscreen.h; path = /Users/mariquitreventar/Desktop/ACodes/CPP_Files/QT_Work/TicTacToe/helpscreen.h; sourceTree = "<absolute>"; };
		3BD51935CDFB27F82BC2A7EC /* moc_tttgame.cpp */ = {isa = PBXFileReference; lastKnownFileType = sourcecode.cpp.cpp; name = moc_tttgame.cpp; path = /Users/mariquitreventar/Desktop/ACodes/CPP_Files/QT_Work/TicTacToe/moc_tttgame.cpp; sourceTree = "<absolute>"; };
		3EEE8C03D3E0CFB76B3E3A9D /* victory.hpp */ = {isa = PBXFileReference; lastKnownFileType = sourcecode.c.h; name = victory.hpp; path = /Users/mariquitreventar/Desktop/ACodes/CPP_Files/QT_Work/TicTacToe/victory.hpp; sourceTree = "<absolute>"; };
		46C0E3BA2646631D008A924B /* robotgame.cpp */ = {isa = PBXFileReference; lastKnownFileType = sourcecode.cpp.cpp; path = robotgame.cpp; sourceTree = "<group>"; };
		46C0E3BB2646631D008A924B /* robotgame.hpp */ = {isa = PBXFileReference; lastKnownFileType = sourcecode.cpp.h; path = robotgame.hpp; sourceTree = "<group>"; };
		4BB0C9A254B60E24DD956DA6 /* TicTacToe.app */ = {isa = PBXFileReference; explicitFileType = wrapper.application; includeInIndex = 0; path = TicTacToe.app; sourceTree = BUILT_PRODUCTS_DIR; };
		500EC1F6BADB1053735A5F46 /* .qmake.stash */ = {isa = PBXFileReference; lastKnownFileType = text; name = .qmake.stash; path = /Users/mariquitreventar/Desktop/ACodes/CPP_Files/QT_Work/TicTacToe/.qmake.stash; sourceTree = "<absolute>"; };
		592828D20D2F983BC062665D /* moc_gamesettings.cpp */ = {isa = PBXFileReference; lastKnownFileType = sourcecode.cpp.cpp; name = moc_gamesettings.cpp; path = /Users/mariquitreventar/Desktop/ACodes/CPP_Files/QT_Work/TicTacToe/moc_gamesettings.cpp; sourceTree = "<absolute>"; };
		5E365BD8DA887D29EF88A6FB /* helpscreen.cpp */ = {isa = PBXFileReference; lastKnownFileType = sourcecode.cpp.cpp; name = helpscreen.cpp; path = /Users/mariquitreventar/Desktop/ACodes/CPP_Files/QT_Work/TicTacToe/helpscreen.cpp; sourceTree = "<absolute>"; };
		649841CA0C063E430F8C028A /* moc_victory.cpp */ = {isa = PBXFileReference; lastKnownFileType = sourcecode.cpp.cpp; name = moc_victory.cpp; path = /Users/mariquitreventar/Desktop/ACodes/CPP_Files/QT_Work/TicTacToe/moc_victory.cpp; sourceTree = "<absolute>"; };
		6A03AE140EAA7D806D4EB839 /* titular.h */ = {isa = PBXFileReference; lastKnownFileType = sourcecode.c.h; name = titular.h; path = /Users/mariquitreventar/Desktop/ACodes/CPP_Files/QT_Work/TicTacToe/titular.h; sourceTree = "<absolute>"; };
		723F90793B2C195E2CCB2233 /* AppKit.framework */ = {isa = PBXFileReference; lastKnownFileType = wrapper.framework; name = AppKit.framework; path = /System/Library/Frameworks/AppKit.framework; sourceTree = "<absolute>"; };
		825A8EC783A4C0D5988BC3E1 /* aboutus.cpp */ = {isa = PBXFileReference; lastKnownFileType = sourcecode.cpp.cpp; name = aboutus.cpp; path = /Users/mariquitreventar/Desktop/ACodes/CPP_Files/QT_Work/TicTacToe/aboutus.cpp; sourceTree = "<absolute>"; };
		8ABD7894E592736304370821 /* tttgame.hpp */ = {isa = PBXFileReference; lastKnownFileType = sourcecode.c.h; name = tttgame.hpp; path = /Users/mariquitreventar/Desktop/ACodes/CPP_Files/QT_Work/TicTacToe/tttgame.hpp; sourceTree = "<absolute>"; };
		8B3FE97C47A628FE14C888C7 /* overarching.qrc */ = {isa = PBXFileReference; lastKnownFileType = text; name = overarching.qrc; path = /Users/mariquitreventar/Desktop/ACodes/CPP_Files/QT_Work/TicTacToe/overarching.qrc; sourceTree = "<absolute>"; };
		8C050C2BFD599FEC3F7ED0DE /* moc_helpscreen.cpp */ = {isa = PBXFileReference; lastKnownFileType = sourcecode.cpp.cpp; name = moc_helpscreen.cpp; path = /Users/mariquitreventar/Desktop/ACodes/CPP_Files/QT_Work/TicTacToe/moc_helpscreen.cpp; sourceTree = "<absolute>"; };
		8D9815BDB5BD9F90D2BC05C5 /* AGL.framework */ = {isa = PBXFileReference; lastKnownFileType = wrapper.framework; name = AGL.framework; path = /System/Library/Frameworks/AGL.framework; sourceTree = "<absolute>"; };
		923005BEDEC582081EBF20DF /* main.cpp */ = {isa = PBXFileReference; lastKnownFileType = sourcecode.cpp.cpp; name = main.cpp; path = /Users/mariquitreventar/Desktop/ACodes/CPP_Files/QT_Work/TicTacToe/main.cpp; sourceTree = "<absolute>"; };
		92A4B34D17ACDCF780F30A38 /* moc_playersettings.cpp */ = {isa = PBXFileReference; lastKnownFileType = sourcecode.cpp.cpp; name = moc_playersettings.cpp; path = /Users/mariquitreventar/Desktop/ACodes/CPP_Files/QT_Work/TicTacToe/moc_playersettings.cpp; sourceTree = "<absolute>"; };
		A1A67BEAA744704B29168D39 /* IOKit.framework */ = {isa = PBXFileReference; lastKnownFileType = wrapper.framework; name = IOKit.framework; path = /System/Library/Frameworks/IOKit.framework; sourceTree = "<absolute>"; };
		A219927E249717778571C1C2 /* QtMultimedia.framework */ = {isa = PBXFileReference; lastKnownFileType = wrapper.framework; name = QtMultimedia.framework; path = /Users/mariquitreventar/Qt/5.15.2/clang_64/lib/QtMultimedia.framework; sourceTree = "<absolute>"; };
		A32E2143145FA47AFB83862F /* draw.cpp */ = {isa = PBXFileReference; lastKnownFileType = sourcecode.cpp.cpp; name = draw.cpp; path = /Users/mariquitreventar/Desktop/ACodes/CPP_Files/QT_Work/TicTacToe/draw.cpp; sourceTree = "<absolute>"; };
		A520F781E2A4E4F84EC4C8D0 /* playersettings.cpp */ = {isa = PBXFileReference; lastKnownFileType = sourcecode.cpp.cpp; name = playersettings.cpp; path = /Users/mariquitreventar/Desktop/ACodes/CPP_Files/QT_Work/TicTacToe/playersettings.cpp; sourceTree = "<absolute>"; };
		AA10429583C5E9A76BD13922 /* moc_aboutus.cpp */ = {isa = PBXFileReference; lastKnownFileType = sourcecode.cpp.cpp; name = moc_aboutus.cpp; path = /Users/mariquitreventar/Desktop/ACodes/CPP_Files/QT_Work/TicTacToe/moc_aboutus.cpp; sourceTree = "<absolute>"; };
		B1D9CEB8DE7996E48A3148B3 /* moc_titular.cpp */ = {isa = PBXFileReference; lastKnownFileType = sourcecode.cpp.cpp; name = moc_titular.cpp; path = /Users/mariquitreventar/Desktop/ACodes/CPP_Files/QT_Work/TicTacToe/moc_titular.cpp; sourceTree = "<absolute>"; };
		BE05041F97D33C51D3F9BD07 /* QtNetwork.framework */ = {isa = PBXFileReference; lastKnownFileType = wrapper.framework; name = QtNetwork.framework; path = /Users/mariquitreventar/Qt/5.15.2/clang_64/lib/QtNetwork.framework; sourceTree = "<absolute>"; };
		CA4FBA33CE2C73B981023BDF /* victory.cpp */ = {isa = PBXFileReference; lastKnownFileType = sourcecode.cpp.cpp; name = victory.cpp; path = /Users/mariquitreventar/Desktop/ACodes/CPP_Files/QT_Work/TicTacToe/victory.cpp; sourceTree = "<absolute>"; };
		D07B036891CB961A9A9AF035 /* QtCore.framework */ = {isa = PBXFileReference; lastKnownFileType = wrapper.framework; name = QtCore.framework; path = /Users/mariquitreventar/Qt/5.15.2/clang_64/lib/QtCore.framework; sourceTree = "<absolute>"; };
		D4B32C2222F82AC56BADEB21 /* OpenGL.framework */ = {isa = PBXFileReference; lastKnownFileType = wrapper.framework; name = OpenGL.framework; path = /System/Library/Frameworks/OpenGL.framework; sourceTree = "<absolute>"; };
		EE59473F131B0D48EBACE21C /* moc_draw.cpp */ = {isa = PBXFileReference; lastKnownFileType = sourcecode.cpp.cpp; name = moc_draw.cpp; path = /Users/mariquitreventar/Desktop/ACodes/CPP_Files/QT_Work/TicTacToe/moc_draw.cpp; sourceTree = "<absolute>"; };
		FB7983D61652FF4A6903DDA8 /* QtGui.framework */ = {isa = PBXFileReference; lastKnownFileType = wrapper.framework; name = QtGui.framework; path = /Users/mariquitreventar/Qt/5.15.2/clang_64/lib/QtGui.framework; sourceTree = "<absolute>"; };
		FBEA0D9B6FB330642935DEB2 /* draw.hpp */ = {isa = PBXFileReference; lastKnownFileType = sourcecode.c.h; name = draw.hpp; path = /Users/mariquitreventar/Desktop/ACodes/CPP_Files/QT_Work/TicTacToe/draw.hpp; sourceTree = "<absolute>"; };
/* End PBXFileReference section */

/* Begin PBXFrameworksBuildPhase section */
		D1C883685E82D5676953459A /* Link Binary With Libraries */ = {
			isa = PBXFrameworksBuildPhase;
			buildActionMask = 2147483647;
			files = (
				EB8B8A3725CC6417FDF807CF /* QtMultimedia.framework in Link Binary With Libraries */,
				58B76BF749FC404B45BCB883 /* QtWidgets.framework in Link Binary With Libraries */,
				9318A43DACA73CF2B80F971E /* QtGui.framework in Link Binary With Libraries */,
				F2A75ACAC9DF6A3F4E5711E7 /* AppKit.framework in Link Binary With Libraries */,
				B3FE8FAC746D3D5BB24FA398 /* Metal.framework in Link Binary With Libraries */,
				5B2935C6C6346B9FCC5F4E32 /* QtNetwork.framework in Link Binary With Libraries */,
				1ACE245EBE3405CD51079343 /* QtCore.framework in Link Binary With Libraries */,
				A99B2AA0F9CBBDD12BA126A4 /* DiskArbitration.framework in Link Binary With Libraries */,
				8D267F2E4776F0ECA2F49DC8 /* IOKit.framework in Link Binary With Libraries */,
				8771A8C96E9C391044035D99 /* OpenGL.framework in Link Binary With Libraries */,
				E45E51A644D5FC9F942ECE55 /* AGL.framework in Link Binary With Libraries */,
			);
			name = "Link Binary With Libraries";
			runOnlyForDeploymentPostprocessing = 0;
		};
/* End PBXFrameworksBuildPhase section */

/* Begin PBXGroup section */
		25B08E2869634E9BCBA333A2 /* Generated Sources */ = {
			isa = PBXGroup;
			children = (
				11289CD9957D6346E0E29424 /* qrc_overarching.cpp */,
				8C050C2BFD599FEC3F7ED0DE /* moc_helpscreen.cpp */,
				B1D9CEB8DE7996E48A3148B3 /* moc_titular.cpp */,
				592828D20D2F983BC062665D /* moc_gamesettings.cpp */,
				92A4B34D17ACDCF780F30A38 /* moc_playersettings.cpp */,
				AA10429583C5E9A76BD13922 /* moc_aboutus.cpp */,
				3BD51935CDFB27F82BC2A7EC /* moc_tttgame.cpp */,
				649841CA0C063E430F8C028A /* moc_victory.cpp */,
				EE59473F131B0D48EBACE21C /* moc_draw.cpp */,
				24F825D6FE22D5853946179D /* moc_tourneygame.cpp */,
			);
			name = "Generated Sources";
			sourceTree = "<group>";
		};
		2EB56BE3C2D93CDAB0C52E67 /* Sources */ = {
			isa = PBXGroup;
			children = (
				5E365BD8DA887D29EF88A6FB /* helpscreen.cpp */,
				923005BEDEC582081EBF20DF /* main.cpp */,
				3459D2C2E9954488FF7F7C91 /* titular.cpp */,
				140DF7D04DC0D4FFAB17D3CF /* gamesettings.cpp */,
				A520F781E2A4E4F84EC4C8D0 /* playersettings.cpp */,
				825A8EC783A4C0D5988BC3E1 /* aboutus.cpp */,
				2DB0F9AC8A0DE09DE5428689 /* tttgame.cpp */,
				CA4FBA33CE2C73B981023BDF /* victory.cpp */,
				A32E2143145FA47AFB83862F /* draw.cpp */,
				20CA500116EC6D29C43D3E7A /* tourneygame.cpp */,
				39B374EECC832CB4802EF014 /* helpscreen.h */,
				6A03AE140EAA7D806D4EB839 /* titular.h */,
				3254BA99D7455C6F209D9F89 /* gamesettings.h */,
				37D4E747CE6729EB6DD6C571 /* playersettings.hpp */,
				2B701DE2B8E6F04CC4AB56C5 /* aboutus.hpp */,
				46C0E3BA2646631D008A924B /* robotgame.cpp */,
				46C0E3BB2646631D008A924B /* robotgame.hpp */,
				8ABD7894E592736304370821 /* tttgame.hpp */,
				3EEE8C03D3E0CFB76B3E3A9D /* victory.hpp */,
				FBEA0D9B6FB330642935DEB2 /* draw.hpp */,
				1C27B6BD39CD736661EC6FD9 /* tourneygame.hpp */,
			);
			name = Sources;
			sourceTree = "<group>";
		};
		74B182DB50CB5611B5C1C297 /* Supporting Files */ = {
			isa = PBXGroup;
			children = (
				2720D8D6873CA47A3314FE64 /* TicTacToe.pro */,
				500EC1F6BADB1053735A5F46 /* .qmake.stash */,
			);
			name = "Supporting Files";
			sourceTree = "<group>";
		};
		87DF60DE337FB58864343E39 /* Resources */ = {
			isa = PBXGroup;
			children = (
				8B3FE97C47A628FE14C888C7 /* overarching.qrc */,
			);
			name = Resources;
			sourceTree = "<group>";
		};
		AF39DD055C3EF8226FBE929D /* Frameworks */ = {
			isa = PBXGroup;
			children = (
				A219927E249717778571C1C2 /* QtMultimedia.framework */,
				16D365E0E492C6E18E16CBC4 /* QtWidgets.framework */,
				FB7983D61652FF4A6903DDA8 /* QtGui.framework */,
				723F90793B2C195E2CCB2233 /* AppKit.framework */,
				1B2543FCC48E9436F21C4F63 /* Metal.framework */,
				BE05041F97D33C51D3F9BD07 /* QtNetwork.framework */,
				D07B036891CB961A9A9AF035 /* QtCore.framework */,
				2B774D8E4178765CE52EAAF5 /* DiskArbitration.framework */,
				A1A67BEAA744704B29168D39 /* IOKit.framework */,
				D4B32C2222F82AC56BADEB21 /* OpenGL.framework */,
				8D9815BDB5BD9F90D2BC05C5 /* AGL.framework */,
			);
			name = Frameworks;
			sourceTree = "<group>";
		};
		B8254625CFD509ED2A24A166 /* Sources [moc_predefs] */ = {
			isa = PBXGroup;
			children = (
				05A2EBC5F526E0CDB8072666 /* dummy.cpp */,
			);
			name = "Sources [moc_predefs]";
			sourceTree = "<group>";
		};
		E8C543AB96796ECAA2E65C57 /* TicTacToe */ = {
			isa = PBXGroup;
			children = (
				2EB56BE3C2D93CDAB0C52E67 /* Sources */,
				25B08E2869634E9BCBA333A2 /* Generated Sources */,
				87DF60DE337FB58864343E39 /* Resources */,
				B8254625CFD509ED2A24A166 /* Sources [moc_predefs] */,
				74B182DB50CB5611B5C1C297 /* Supporting Files */,
				AF39DD055C3EF8226FBE929D /* Frameworks */,
				FE0A091FDBFB3E9C31B7A1BD /* Products */,
			);
			name = TicTacToe;
			sourceTree = "<group>";
		};
		FE0A091FDBFB3E9C31B7A1BD /* Products */ = {
			isa = PBXGroup;
			children = (
				4BB0C9A254B60E24DD956DA6 /* TicTacToe.app */,
			);
			name = Products;
			sourceTree = "<group>";
		};
/* End PBXGroup section */

/* Begin PBXNativeTarget section */
		66922F191B74FDB51BA44F37 /* TicTacToe */ = {
			isa = PBXNativeTarget;
			buildConfigurationList = 6CC3B5D2136C7CD6A5CF5A59 /* Build configuration list for PBXNativeTarget "TicTacToe" */;
			buildPhases = (
				F7E50F631C51CD5B5DC0BC43 /* Compile Sources */,
				D1C883685E82D5676953459A /* Link Binary With Libraries */,
				30414803F31797EB689AE508 /* Copy Bundle Resources */,
				99542592E9780B9225F24AA8 /* Embed Frameworks */,
			);
			buildRules = (
			);
			dependencies = (
				0FD0F81F8A51FEB2C5142267 /* PBXTargetDependency */,
			);
			name = TicTacToe;
			productName = TicTacToe;
			productReference = 4BB0C9A254B60E24DD956DA6 /* TicTacToe.app */;
			productType = "com.apple.product-type.application";
		};
/* End PBXNativeTarget section */

/* Begin PBXProject section */
		6DB9C3763D02B1415CD9D565 /* Project object */ = {
			isa = PBXProject;
			attributes = {
			};
			buildConfigurationList = DAC4C1AA5EDEA1C85E9CA5E6 /* Build configuration list for PBXProject "TicTacToe" */;
			compatibilityVersion = "Xcode 3.2";
			developmentRegion = en;
			hasScannedForEncodings = 1;
			knownRegions = (
				en,
			);
			mainGroup = E8C543AB96796ECAA2E65C57 /* TicTacToe */;
			productRefGroup = FE0A091FDBFB3E9C31B7A1BD /* Products */;
			projectDirPath = "";
			projectRoot = "";
			targets = (
				66922F191B74FDB51BA44F37 /* TicTacToe */,
				C5ED99F5DE5DE250406C4053 /* Qt Preprocess */,
			);
		};
/* End PBXProject section */

/* Begin PBXResourcesBuildPhase section */
		30414803F31797EB689AE508 /* Copy Bundle Resources */ = {
			isa = PBXResourcesBuildPhase;
			buildActionMask = 2147483647;
			files = (
			);
			name = "Copy Bundle Resources";
			runOnlyForDeploymentPostprocessing = 0;
		};
/* End PBXResourcesBuildPhase section */

/* Begin PBXShellScriptBuildPhase section */
		5E618435888B9D49F8540165 /* Qt Qmake */ = {
			isa = PBXShellScriptBuildPhase;
			buildActionMask = 2147483647;
			files = (
			);
			name = "Qt Qmake";
			runOnlyForDeploymentPostprocessing = 0;
			shellPath = /bin/sh;
			shellScript = "make -C /Users/mariquitreventar/Desktop/ACodes/CPP_Files/QT_Work/TicTacToe -f TicTacToe.xcodeproj/qt_makeqmake.mak";
			showEnvVarsInLog = 0;
		};
		7EF0942E79C014DCEC8976BC /* Qt Preprocessors */ = {
			isa = PBXShellScriptBuildPhase;
			buildActionMask = 2147483647;
			files = (
			);
			name = "Qt Preprocessors";
			runOnlyForDeploymentPostprocessing = 0;
			shellPath = /bin/sh;
			shellScript = "make -C /Users/mariquitreventar/Desktop/ACodes/CPP_Files/QT_Work/TicTacToe -f TicTacToe.xcodeproj/qt_preprocess.mak";
			showEnvVarsInLog = 0;
		};
/* End PBXShellScriptBuildPhase section */

/* Begin PBXSourcesBuildPhase section */
		F7E50F631C51CD5B5DC0BC43 /* Compile Sources */ = {
			isa = PBXSourcesBuildPhase;
			buildActionMask = 2147483647;
			files = (
				26927F8117B9E00A2081DC58 /* helpscreen.cpp in Compile Sources */,
				C57AE70DC0439E31946202DA /* main.cpp in Compile Sources */,
				E1CC4CE921A574003ABC67C5 /* titular.cpp in Compile Sources */,
				3DBD3E621EC16CB23DB08B83 /* gamesettings.cpp in Compile Sources */,
				54C037667E7EF94374863A0F /* playersettings.cpp in Compile Sources */,
				22CAB5D8D919CE3358D503B0 /* aboutus.cpp in Compile Sources */,
				6AA18A087FE9D7E6FC9E7B91 /* tttgame.cpp in Compile Sources */,
				72CE09AD277C1A340DC05E8B /* victory.cpp in Compile Sources */,
				017531FFD36A07431C2DEDC6 /* draw.cpp in Compile Sources */,
				A7740F26D89FD59E415A8A2F /* tourneygame.cpp in Compile Sources */,
				46C0E3BC2646631D008A924B /* robotgame.cpp in Compile Sources */,
				92DC8C267DA16B6564333974 /* qrc_overarching.cpp in Compile Sources */,
				53CD322A169E37F7CC4BC7F3 /* moc_helpscreen.cpp in Compile Sources */,
				E0E44593EFB7F096D568251E /* moc_titular.cpp in Compile Sources */,
				C277E472F750B3EE24FE2902 /* moc_gamesettings.cpp in Compile Sources */,
				871FBC12AAC212A4E416DCEC /* moc_playersettings.cpp in Compile Sources */,
				B0A70E6F272E1119855B94BD /* moc_aboutus.cpp in Compile Sources */,
				32496916376EA8BB931D9753 /* moc_tttgame.cpp in Compile Sources */,
				3BA7F5AED27B86A53E4A7BEF /* moc_victory.cpp in Compile Sources */,
				74BC356409461F39659FC053 /* moc_draw.cpp in Compile Sources */,
				7E5E4187CC2D39C8F7F7F349 /* moc_tourneygame.cpp in Compile Sources */,
				011868899A1B3382E0C0973E /* dummy.cpp in Compile Sources */,
			);
			name = "Compile Sources";
			runOnlyForDeploymentPostprocessing = 0;
		};
/* End PBXSourcesBuildPhase section */

/* Begin PBXTargetDependency section */
		0FD0F81F8A51FEB2C5142267 /* PBXTargetDependency */ = {
			isa = PBXTargetDependency;
			target = C5ED99F5DE5DE250406C4053 /* Qt Preprocess */;
			targetProxy = 46C0E3B9264662F4008A924B /* PBXContainerItemProxy */;
		};
/* End PBXTargetDependency section */

/* Begin XCBuildConfiguration section */
		339EE1B2CC4FC24589A0EA95 /* Release */ = {
			isa = XCBuildConfiguration;
			buildSettings = {
				APPLICATION_EXTENSION_API_ONLY = NO;
				ARCHS = x86_64;
				"ARCHS[sdk=macosx*]" = x86_64;
				CC = /Applications/Xcode.app/Contents/Developer/Toolchains/XcodeDefault.xctoolchain/usr/bin/clang;
				CONFIGURATION_BUILD_DIR = "$(PROJECT_DIR)/$(CONFIGURATION)$(EFFECTIVE_PLATFORM_NAME)";
				COPY_PHASE_STRIP = NO;
				DYLIB_COMPATIBILITY_VERSION = 1.0;
				DYLIB_CURRENT_VERSION = 1.0.0;
				ENABLE_BITCODE = NO;
				FRAMEWORK_SEARCH_PATHS = (
					/Users/mariquitreventar/Qt/5.15.2/clang_64/lib,
					/Users/mariquitreventar/Qt/5.15.2/clang_64/lib,
				);
				GCC_VERSION = com.apple.compilers.llvm.clang.1_0;
				HEADER_SEARCH_PATHS = (
					.,
					/Users/mariquitreventar/Qt/5.15.2/clang_64/lib/QtMultimedia.framework/Headers,
					/Users/mariquitreventar/Qt/5.15.2/clang_64/lib/QtWidgets.framework/Headers,
					/Users/mariquitreventar/Qt/5.15.2/clang_64/lib/QtGui.framework/Headers,
					/Users/mariquitreventar/Qt/5.15.2/clang_64/lib/QtNetwork.framework/Headers,
					/Users/mariquitreventar/Qt/5.15.2/clang_64/lib/QtCore.framework/Headers,
					.,
					/Applications/Xcode.app/Contents/Developer/Platforms/MacOSX.platform/Developer/SDKs/MacOSX10.14.sdk/System/Library/Frameworks/OpenGL.framework/Headers,
					/Applications/Xcode.app/Contents/Developer/Platforms/MacOSX.platform/Developer/SDKs/MacOSX10.14.sdk/System/Library/Frameworks/AGL.framework/Headers,
					"/Users/mariquitreventar/Qt/5.15.2/clang_64/mkspecs/macx-clang",
				);
				INFOPLIST_FILE = Info.plist;
				LDPLUSPLUS = "/Applications/Xcode.app/Contents/Developer/Toolchains/XcodeDefault.xctoolchain/usr/bin/clang++";
				LIBRARY_SEARCH_PATHS = (
					/Users/mariquitreventar/Qt/5.15.2/clang_64/lib,
					/System/Library/Frameworks/,
				);
				MACOSX_DEPLOYMENT_TARGET = 10.13;
				OTHER_CFLAGS = (
					"-pipe",
					"-O2",
					"-Wall",
					"-Wextra",
					"-fPIC",
					"-DQT_NO_DEBUG",
					"-DQT_MULTIMEDIA_LIB",
					"-DQT_WIDGETS_LIB",
					"-DQT_GUI_LIB",
					"-DQT_NETWORK_LIB",
					"-DQT_CORE_LIB",
				);
				OTHER_CPLUSPLUSFLAGS = (
					"-pipe",
					"-stdlib=libc++",
					"-O2",
					"-std=gnu++11",
					"-Wall",
					"-Wextra",
					"-fPIC",
					"-DQT_NO_DEBUG",
					"-DQT_MULTIMEDIA_LIB",
					"-DQT_WIDGETS_LIB",
					"-DQT_GUI_LIB",
					"-DQT_NETWORK_LIB",
					"-DQT_CORE_LIB",
				);
				OTHER_LDFLAGS = (
					"-stdlib=libc++",
					"-headerpad_max_install_names",
					"-Wl,-rpath,@executable_path/../Frameworks",
					"-Wl,-rpath,/Users/mariquitreventar/Qt/5.15.2/clang_64/lib",
					"-F/Users/mariquitreventar/Qt/5.15.2/clang_64/lib",
				);
				PRODUCT_BUNDLE_IDENTIFIER = "com.yourcompany.${PRODUCT_NAME:rfc1034identifier}";
				PRODUCT_NAME = TicTacToe;
				QMAKE_FULL_VERSION = 1.0.0;
				QMAKE_PKGINFO_TYPEINFO = "????";
				QMAKE_SHORT_VERSION = 1.0;
				QT_LIBRARY_SUFFIX = "";
				SDKROOT = macosx;
				SYMROOT = .xcode;
			};
			name = Release;
		};
		3AA6C32AC930069E80220CF1 /* Debug */ = {
			isa = XCBuildConfiguration;
			buildSettings = {
				APPLICATION_EXTENSION_API_ONLY = NO;
				ARCHS = x86_64;
				"ARCHS[sdk=macosx*]" = x86_64;
				CC = /Applications/Xcode.app/Contents/Developer/Toolchains/XcodeDefault.xctoolchain/usr/bin/clang;
				CONFIGURATION_BUILD_DIR = "$(PROJECT_DIR)/$(CONFIGURATION)$(EFFECTIVE_PLATFORM_NAME)";
				COPY_PHASE_STRIP = NO;
				DYLIB_COMPATIBILITY_VERSION = 1.0;
				DYLIB_CURRENT_VERSION = 1.0.0;
				ENABLE_BITCODE = NO;
				FRAMEWORK_SEARCH_PATHS = (
					/Users/mariquitreventar/Qt/5.15.2/clang_64/lib,
					/Users/mariquitreventar/Qt/5.15.2/clang_64/lib,
				);
				GCC_OPTIMIZATION_LEVEL = 0;
				GCC_VERSION = com.apple.compilers.llvm.clang.1_0;
				HEADER_SEARCH_PATHS = (
					.,
					/Users/mariquitreventar/Qt/5.15.2/clang_64/lib/QtMultimedia.framework/Headers,
					/Users/mariquitreventar/Qt/5.15.2/clang_64/lib/QtWidgets.framework/Headers,
					/Users/mariquitreventar/Qt/5.15.2/clang_64/lib/QtGui.framework/Headers,
					/Users/mariquitreventar/Qt/5.15.2/clang_64/lib/QtNetwork.framework/Headers,
					/Users/mariquitreventar/Qt/5.15.2/clang_64/lib/QtCore.framework/Headers,
					.,
					/Applications/Xcode.app/Contents/Developer/Platforms/MacOSX.platform/Developer/SDKs/MacOSX10.14.sdk/System/Library/Frameworks/OpenGL.framework/Headers,
					/Applications/Xcode.app/Contents/Developer/Platforms/MacOSX.platform/Developer/SDKs/MacOSX10.14.sdk/System/Library/Frameworks/AGL.framework/Headers,
					"/Users/mariquitreventar/Qt/5.15.2/clang_64/mkspecs/macx-clang",
				);
				INFOPLIST_FILE = Info.plist;
				LDPLUSPLUS = "/Applications/Xcode.app/Contents/Developer/Toolchains/XcodeDefault.xctoolchain/usr/bin/clang++";
				LIBRARY_SEARCH_PATHS = (
					/Users/mariquitreventar/Qt/5.15.2/clang_64/lib,
					/System/Library/Frameworks/,
				);
				MACOSX_DEPLOYMENT_TARGET = 10.13;
				ONLY_ACTIVE_ARCH = YES;
				OTHER_CFLAGS = (
					"-pipe",
					"-O2",
					"-Wall",
					"-Wextra",
					"-fPIC",
					"-DQT_NO_DEBUG",
					"-DQT_MULTIMEDIA_LIB",
					"-DQT_WIDGETS_LIB",
					"-DQT_GUI_LIB",
					"-DQT_NETWORK_LIB",
					"-DQT_CORE_LIB",
				);
				OTHER_CPLUSPLUSFLAGS = (
					"-pipe",
					"-stdlib=libc++",
					"-O2",
					"-std=gnu++11",
					"-Wall",
					"-Wextra",
					"-fPIC",
					"-DQT_NO_DEBUG",
					"-DQT_MULTIMEDIA_LIB",
					"-DQT_WIDGETS_LIB",
					"-DQT_GUI_LIB",
					"-DQT_NETWORK_LIB",
					"-DQT_CORE_LIB",
				);
				OTHER_LDFLAGS = (
					"-stdlib=libc++",
					"-headerpad_max_install_names",
					"-Wl,-rpath,@executable_path/../Frameworks",
					"-Wl,-rpath,/Users/mariquitreventar/Qt/5.15.2/clang_64/lib",
					"-F/Users/mariquitreventar/Qt/5.15.2/clang_64/lib",
				);
				PRODUCT_BUNDLE_IDENTIFIER = "com.yourcompany.${PRODUCT_NAME:rfc1034identifier}";
				PRODUCT_NAME = TicTacToe;
				QMAKE_FULL_VERSION = 1.0.0;
				QMAKE_PKGINFO_TYPEINFO = "????";
				QMAKE_SHORT_VERSION = 1.0;
				QT_LIBRARY_SUFFIX = "";
				SDKROOT = macosx;
				SYMROOT = .xcode;
			};
			name = Debug;
		};
		6666AA5E688052234F6758D8 /* Release */ = {
			isa = XCBuildConfiguration;
			buildSettings = {
				APPLICATION_EXTENSION_API_ONLY = NO;
				"ARCHS[sdk=macosx*]" = x86_64;
				COPY_PHASE_STRIP = NO;
				ENABLE_BITCODE = NO;
				PRODUCT_BUNDLE_IDENTIFIER = "com.yourcompany.${PRODUCT_NAME:rfc1034identifier}";
				PRODUCT_NAME = TicTacToe;
				QMAKE_FULL_VERSION = 1.0.0;
				QMAKE_PKGINFO_TYPEINFO = "????";
				QMAKE_SHORT_VERSION = 1.0;
				QT_LIBRARY_SUFFIX = "";
				SDKROOT = macosx;
			};
			name = Release;
		};
		77418F46922677BB04ED38DD /* Debug */ = {
			isa = XCBuildConfiguration;
			buildSettings = {
				APPLICATION_EXTENSION_API_ONLY = NO;
				"ARCHS[sdk=macosx*]" = x86_64;
				COPY_PHASE_STRIP = NO;
				ENABLE_BITCODE = NO;
				GCC_OPTIMIZATION_LEVEL = 0;
				ONLY_ACTIVE_ARCH = YES;
				PRODUCT_BUNDLE_IDENTIFIER = "com.yourcompany.${PRODUCT_NAME:rfc1034identifier}";
				PRODUCT_NAME = TicTacToe;
				QMAKE_FULL_VERSION = 1.0.0;
				QMAKE_PKGINFO_TYPEINFO = "????";
				QMAKE_SHORT_VERSION = 1.0;
				QT_LIBRARY_SUFFIX = "";
				SDKROOT = macosx;
			};
			name = Debug;
		};
/* End XCBuildConfiguration section */

/* Begin XCConfigurationList section */
		6CC3B5D2136C7CD6A5CF5A59 /* Build configuration list for PBXNativeTarget "TicTacToe" */ = {
			isa = XCConfigurationList;
			buildConfigurations = (
				77418F46922677BB04ED38DD /* Debug */,
				6666AA5E688052234F6758D8 /* Release */,
			);
			defaultConfigurationIsVisible = 0;
			defaultConfigurationName = Release;
		};
		DAC4C1AA5EDEA1C85E9CA5E6 /* Build configuration list for PBXProject "TicTacToe" */ = {
			isa = XCConfigurationList;
			buildConfigurations = (
				3AA6C32AC930069E80220CF1 /* Debug */,
				339EE1B2CC4FC24589A0EA95 /* Release */,
			);
			defaultConfigurationIsVisible = 0;
			defaultConfigurationName = Release;
		};
/* End XCConfigurationList section */
	};
	rootObject = 6DB9C3763D02B1415CD9D565 /* Project object */;
}
